
Microsoft Visual Studio Solution File, Format Version 12.00
# Visual Studio Version 16
VisualStudioVersion = 16.0.29905.134
MinimumVisualStudioVersion = 10.0.40219.1
Project("{FAE04EC0-301F-11D3-BF4B-00C04F79EFBC}") = "FaceTutorial", "FaceTutorial.csproj", "{31012E87-334F-4216-8242-81965F7BF14B}"
EndProject
Global
	GlobalSection(SolutionConfigurationPlatforms) = preSolution
		Debug|Any CPU = Debug|Any CPU
		Release|Any CPU = Release|Any CPU
	EndGlobalSection
	GlobalSection(ProjectConfigurationPlatforms) = postSolution
		{31012E87-334F-4216-8242-81965F7BF14B}.Debug|Any CPU.ActiveCfg = Debug|Any CPU
		{31012E87-334F-4216-8242-81965F7BF14B}.Debug|Any CPU.Build.0 = Debug|Any CPU
		{31012E87-334F-4216-8242-81965F7BF14B}.Release|Any CPU.ActiveCfg = Release|Any CPU
		{31012E87-334F-4216-8242-81965F7BF14B}.Release|Any CPU.Build.0 = Release|Any CPU
	EndGlobalSection
	GlobalSection(SolutionProperties) = preSolution
		HideSolutionNode = FALSE
	EndGlobalSection
	GlobalSection(ExtensibilityGlobals) = postSolution
		SolutionGuid = {D83E3A1D-8A50-43EB-A1F7-1BA4E733A371}
	EndGlobalSection
EndGlobal
